
Microsoft Visual Studio Solution File, Format Version 12.00
# Visual Studio Version 16
VisualStudioVersion = 16.0.31624.102
MinimumVisualStudioVersion = 10.0.40219.1
Project("{FAE04EC0-301F-11D3-BF4B-00C04F79EFBC}") = "Basic core program", "Basic core program.csproj", "{C119119F-5A5F-4509-AB69-8B5AC75AF8FB}"
EndProject
Global
	GlobalSection(SolutionConfigurationPlatforms) = preSolution
		Debug|Any CPU = Debug|Any CPU
		Release|Any CPU = Release|Any CPU
	EndGlobalSection
	GlobalSection(ProjectConfigurationPlatforms) = postSolution
		{C119119F-5A5F-4509-AB69-8B5AC75AF8FB}.Debug|Any CPU.ActiveCfg = Debug|Any CPU
		{C119119F-5A5F-4509-AB69-8B5AC75AF8FB}.Debug|Any CPU.Build.0 = Debug|Any CPU
		{C119119F-5A5F-4509-AB69-8B5AC75AF8FB}.Release|Any CPU.ActiveCfg = Release|Any CPU
		{C119119F-5A5F-4509-AB69-8B5AC75AF8FB}.Release|Any CPU.Build.0 = Release|Any CPU
	EndGlobalSection
	GlobalSection(SolutionProperties) = preSolution
		HideSolutionNode = FALSE
	EndGlobalSection
	GlobalSection(ExtensibilityGlobals) = postSolution
		SolutionGuid = {92998570-ADC5-4F6D-BA8B-FF6F86BEA40A}
	EndGlobalSection
EndGlobal
